
Microsoft Visual Studio Solution File, Format Version 12.00
# Visual Studio Version 17
VisualStudioVersion = 17.3.32825.248
MinimumVisualStudioVersion = 10.0.40219.1
Project("{2150E333-8FDC-42A3-9474-1A3956D46DE8}") = "Solution Items", "Solution Items", "{DA32568D-1D8D-4A4C-9943-BFD3CE796B3F}"
	ProjectSection(SolutionItems) = preProject
		.codecov.yml = .codecov.yml
		.dockerignore = .dockerignore
		.editorconfig = .editorconfig
		.gitignore = .gitignore
		LICENSE = LICENSE
		README.md = README.md
		SECURITY.md = SECURITY.md
	EndProjectSection
EndProject
Project("{9A19103F-16F7-4668-BE54-9A1E7A4F7556}") = "Tgstation.Server.Host", "src\Tgstation.Server.Host\Tgstation.Server.Host.csproj", "{2B69AD6D-2B5A-4023-8EAD-0BD1B18E028A}"
EndProject
Project("{9A19103F-16F7-4668-BE54-9A1E7A4F7556}") = "Tgstation.Server.Host.Console", "src\Tgstation.Server.Host.Console\Tgstation.Server.Host.Console.csproj", "{A09C947F-4B9B-4AEE-AB50-47055EA05F18}"
EndProject
Project("{9A19103F-16F7-4668-BE54-9A1E7A4F7556}") = "Tgstation.Server.Host.Console.Tests", "tests\Tgstation.Server.Host.Console.Tests\Tgstation.Server.Host.Console.Tests.csproj", "{D36B99C4-E771-42D6-A95F-1102B3E236DF}"
EndProject
Project("{2150E333-8FDC-42A3-9474-1A3956D46DE8}") = "build", "build", "{6FF654E6-3E2C-46D4-872D-D528F77D6973}"
	ProjectSection(SolutionItems) = preProject
		build\analyzers.ruleset = build\analyzers.ruleset
		build\BuildDox.ps1 = build\BuildDox.ps1
		build\ci.runsettings = build\ci.runsettings
		build\Common.props = build\Common.props
		build\Dockerfile = build\Dockerfile
		build\GenerateMigrations.sh = build\GenerateMigrations.sh
		build\logo.svg = build\logo.svg
		build\NewtonsoftJson.props = build\NewtonsoftJson.props
		build\NugetCommon.props = build\NugetCommon.props
		build\OpenApiValidationSettings.json = build\OpenApiValidationSettings.json
		build\SrcCommon.props = build\SrcCommon.props
		build\stylecop.json = build\stylecop.json
		build\TestCommon.props = build\TestCommon.props
		build\tgs.docker.sh = build\tgs.docker.sh
		build\tgstation-server.service = build\tgstation-server.service
		build\uac_elevation_manifest.xml = build\uac_elevation_manifest.xml
		build\Version.props = build\Version.props
		build\WebpanelVersion.props = build\WebpanelVersion.props
	EndProjectSection
EndProject
Project("{9A19103F-16F7-4668-BE54-9A1E7A4F7556}") = "Tgstation.Server.Api", "src\Tgstation.Server.Api\Tgstation.Server.Api.csproj", "{8B4A208D-A48A-4A5D-8B94-E2661138865D}"
EndProject
Project("{9A19103F-16F7-4668-BE54-9A1E7A4F7556}") = "Tgstation.Server.Host.Service", "src\Tgstation.Server.Host.Service\Tgstation.Server.Host.Service.csproj", "{29927416-3B78-49A7-A560-5CCAA638B6B4}"
EndProject
Project("{9A19103F-16F7-4668-BE54-9A1E7A4F7556}") = "Tgstation.Server.Client", "src\Tgstation.Server.Client\Tgstation.Server.Client.csproj", "{E0AC911F-7675-4A91-9499-D8A2E2390AAD}"
EndProject
Project("{9A19103F-16F7-4668-BE54-9A1E7A4F7556}") = "Tgstation.Server.Api.Tests", "tests\Tgstation.Server.Api.Tests\Tgstation.Server.Api.Tests.csproj", "{BE0E8F49-334F-49D7-A04D-D82E9AB7AA36}"
EndProject
Project("{9A19103F-16F7-4668-BE54-9A1E7A4F7556}") = "Tgstation.Server.Client.Tests", "tests\Tgstation.Server.Client.Tests\Tgstation.Server.Client.Tests.csproj", "{E5301AF1-4F74-4982-BF24-95F23CC5D5B2}"
EndProject
Project("{9A19103F-16F7-4668-BE54-9A1E7A4F7556}") = "Tgstation.Server.Host.Tests", "tests\Tgstation.Server.Host.Tests\Tgstation.Server.Host.Tests.csproj", "{A3362FF6-550F-480F-859E-8EC1EB6EAB31}"
	ProjectSection(ProjectDependencies) = postProject
		{5813CC33-B16C-485D-A74D-20204DDF6542} = {5813CC33-B16C-485D-A74D-20204DDF6542}
	EndProjectSection
EndProject
Project("{9A19103F-16F7-4668-BE54-9A1E7A4F7556}") = "Tgstation.Server.Host.Watchdog", "src\Tgstation.Server.Host.Watchdog\Tgstation.Server.Host.Watchdog.csproj", "{5D2D682C-6BF0-439C-850B-6AB945BBEAEA}"
	ProjectSection(ProjectDependencies) = postProject
		{2B69AD6D-2B5A-4023-8EAD-0BD1B18E028A} = {2B69AD6D-2B5A-4023-8EAD-0BD1B18E028A}
	EndProjectSection
EndProject
Project("{9A19103F-16F7-4668-BE54-9A1E7A4F7556}") = "Tgstation.Server.Host.Watchdog.Tests", "tests\Tgstation.Server.Host.Watchdog.Tests\Tgstation.Server.Host.Watchdog.Tests.csproj", "{7500F776-4384-4B5F-A8D8-22461CAD108B}"
EndProject
Project("{9A19103F-16F7-4668-BE54-9A1E7A4F7556}") = "Tgstation.Server.Host.Service.Tests", "tests\Tgstation.Server.Host.Service.Tests\Tgstation.Server.Host.Service.Tests.csproj", "{AA80A190-52E2-4BE3-BFEB-1F148D9E9007}"
EndProject
Project("{2150E333-8FDC-42A3-9474-1A3956D46DE8}") = "DMAPI", "DMAPI", "{7E4E7CF6-A48D-410E-8191-C49C6B5AB9CC}"
EndProject
Project("{2150E333-8FDC-42A3-9474-1A3956D46DE8}") = "tgs", "tgs", "{F7765A4B-021C-454E-ABB1-2AB1B85F91B4}"
	ProjectSection(SolutionItems) = preProject
		src\DMAPI\tgs\includes.dm = src\DMAPI\tgs\includes.dm
		src\DMAPI\tgs\LICENSE = src\DMAPI\tgs\LICENSE
		src\DMAPI\tgs\README.md = src\DMAPI\tgs\README.md
	EndProjectSection
EndProject
Project("{2150E333-8FDC-42A3-9474-1A3956D46DE8}") = "core", "core", "{DCCBA9DA-47BA-4C70-823B-E99A3ACA0377}"
	ProjectSection(SolutionItems) = preProject
		src\DMAPI\tgs\core\byond_world_export.dm = src\DMAPI\tgs\core\byond_world_export.dm
		src\DMAPI\tgs\core\core.dm = src\DMAPI\tgs\core\core.dm
		src\DMAPI\tgs\core\datum.dm = src\DMAPI\tgs\core\datum.dm
		src\DMAPI\tgs\core\README.md = src\DMAPI\tgs\core\README.md
		src\DMAPI\tgs\core\tgs_version.dm = src\DMAPI\tgs\core\tgs_version.dm
		src\DMAPI\tgs\core\_definitions.dm = src\DMAPI\tgs\core\_definitions.dm
	EndProjectSection
EndProject
Project("{2150E333-8FDC-42A3-9474-1A3956D46DE8}") = "v3210", "v3210", "{1B228ACB-60C3-4DF9-B716-9F0BD31F6766}"
	ProjectSection(SolutionItems) = preProject
		src\DMAPI\tgs\v3210\api.dm = src\DMAPI\tgs\v3210\api.dm
		src\DMAPI\tgs\v3210\commands.dm = src\DMAPI\tgs\v3210\commands.dm
		src\DMAPI\tgs\v3210\README.md = src\DMAPI\tgs\v3210\README.md
	EndProjectSection
EndProject
Project("{2150E333-8FDC-42A3-9474-1A3956D46DE8}") = "src", "src", "{3BB10856-AA01-43D1-AAB0-A013085426D6}"
	ProjectSection(SolutionItems) = preProject
		src\DMAPI\tgs.dm = src\DMAPI\tgs.dm
	EndProjectSection
EndProject
Project("{2150E333-8FDC-42A3-9474-1A3956D46DE8}") = "tests", "tests", "{82066812-6C73-4360-943B-B23F2F491261}"
	ProjectSection(SolutionItems) = preProject
		tests\DMAPI\test_prelude.dm = tests\DMAPI\test_prelude.dm
		tests\DMAPI\test_setup.dm = tests\DMAPI\test_setup.dm
	EndProjectSection
EndProject
Project("{2150E333-8FDC-42A3-9474-1A3956D46DE8}") = "v4", "v4", "{057FAC33-CC31-4948-91C6-B0977C335890}"
	ProjectSection(SolutionItems) = preProject
		src\DMAPI\tgs\v4\api.dm = src\DMAPI\tgs\v4\api.dm
		src\DMAPI\tgs\v4\commands.dm = src\DMAPI\tgs\v4\commands.dm
		src\DMAPI\tgs\v4\README.md = src\DMAPI\tgs\v4\README.md
	EndProjectSection
EndProject
Project("{2150E333-8FDC-42A3-9474-1A3956D46DE8}") = "tools", "tools", "{A55C1117-5808-4AB2-BEA6-4D4A3E66A2F2}"
EndProject
Project("{2150E333-8FDC-42A3-9474-1A3956D46DE8}") = "docs", "docs", "{DCC75431-7913-4306-9FAB-70998D440BCE}"
	ProjectSection(SolutionItems) = preProject
		docs\API.dox = docs\API.dox
		docs\Architecture.dox = docs\Architecture.dox
		docs\ArchitectureOverview.png = docs\ArchitectureOverview.png
		docs\Doxyfile = docs\Doxyfile
		docs\DoxygenLayout.xml = docs\DoxygenLayout.xml
		docs\Features.dox = docs\Features.dox
	EndProjectSection
EndProject
Project("{2150E333-8FDC-42A3-9474-1A3956D46DE8}") = ".github", ".github", "{E82104F4-F5C4-4786-ACD4-B635166CDB21}"
	ProjectSection(SolutionItems) = preProject
		.github\CODEOWNERS = .github\CODEOWNERS
		.github\CODE_OF_CONDUCT.md = .github\CODE_OF_CONDUCT.md
		.github\CONTRIBUTING.md = .github\CONTRIBUTING.md
	EndProjectSection
EndProject
Project("{9A19103F-16F7-4668-BE54-9A1E7A4F7556}") = "Tgstation.Server.Tests", "tests\Tgstation.Server.Tests\Tgstation.Server.Tests.csproj", "{09056964-1C74-445A-96EC-33F6DFC07916}"
EndProject
Project("{2150E333-8FDC-42A3-9474-1A3956D46DE8}") = ".vscode", ".vscode", "{14B3FF87-5600-4981-B40C-9CC838964645}"
	ProjectSection(SolutionItems) = preProject
		.vscode\extensions.json = .vscode\extensions.json
		.vscode\launch.json = .vscode\launch.json
		.vscode\tasks.json = .vscode\tasks.json
	EndProjectSection
EndProject
Project("{2150E333-8FDC-42A3-9474-1A3956D46DE8}") = "tests", "tests", "{316141B0-CD21-4769-A013-D53DA9B9EC09}"
EndProject
Project("{2150E333-8FDC-42A3-9474-1A3956D46DE8}") = "v5", "v5", "{FAEAD3B5-2EAB-465C-A9C3-E8CB6AAA7131}"
	ProjectSection(SolutionItems) = preProject
		src\DMAPI\tgs\v5\api.dm = src\DMAPI\tgs\v5\api.dm
		src\DMAPI\tgs\v5\bridge.dm = src\DMAPI\tgs\v5\bridge.dm
		src\DMAPI\tgs\v5\chunking.dm = src\DMAPI\tgs\v5\chunking.dm
		src\DMAPI\tgs\v5\commands.dm = src\DMAPI\tgs\v5\commands.dm
		src\DMAPI\tgs\v5\README.md = src\DMAPI\tgs\v5\README.md
		src\DMAPI\tgs\v5\serializers.dm = src\DMAPI\tgs\v5\serializers.dm
		src\DMAPI\tgs\v5\topic.dm = src\DMAPI\tgs\v5\topic.dm
		src\DMAPI\tgs\v5\undefs.dm = src\DMAPI\tgs\v5\undefs.dm
		src\DMAPI\tgs\v5\_defines.dm = src\DMAPI\tgs\v5\_defines.dm
		src\DMAPI\tgs\v5\__interop_version.dm = src\DMAPI\tgs\v5\__interop_version.dm
	EndProjectSection
EndProject
Project("{2150E333-8FDC-42A3-9474-1A3956D46DE8}") = "LongRunning", "LongRunning", "{EB1DDE8C-CA6F-4BE3-947B-597CA8EABEA5}"
	ProjectSection(SolutionItems) = preProject
		tests\DMAPI\LongRunning\Config.dm = tests\DMAPI\LongRunning\Config.dm
		tests\DMAPI\LongRunning\EngineActiveVersionChange-SetupEnv.bat = tests\DMAPI\LongRunning\EngineActiveVersionChange-SetupEnv.bat
		tests\DMAPI\LongRunning\EngineActiveVersionChange-SetupEnv.sh = tests\DMAPI\LongRunning\EngineActiveVersionChange-SetupEnv.sh
		tests\DMAPI\LongRunning\long_running_test.dme = tests\DMAPI\LongRunning\long_running_test.dme
		tests\DMAPI\LongRunning\long_running_test_copy.dme = tests\DMAPI\LongRunning\long_running_test_copy.dme
		tests\DMAPI\LongRunning\long_running_test_rooted.dme = tests\DMAPI\LongRunning\long_running_test_rooted.dme
		tests\DMAPI\LongRunning\PreCompile-GenerateRandomResource.bat = tests\DMAPI\LongRunning\PreCompile-GenerateRandomResource.bat
		tests\DMAPI\LongRunning\PreCompile-GenerateRandomResource.sh = tests\DMAPI\LongRunning\PreCompile-GenerateRandomResource.sh
		tests\DMAPI\LongRunning\Test.dm = tests\DMAPI\LongRunning\Test.dm
	EndProjectSection
EndProject
Project("{2150E333-8FDC-42A3-9474-1A3956D46DE8}") = "ApiFree", "ApiFree", "{7B8FC2AF-1B64-4A89-8480-F0FE360DC9EC}"
	ProjectSection(SolutionItems) = preProject
		tests\DMAPI\ApiFree\api_free.dme = tests\DMAPI\ApiFree\api_free.dme
		tests\DMAPI\ApiFree\Test.dm = tests\DMAPI\ApiFree\Test.dm
	EndProjectSection
EndProject
Project("{2150E333-8FDC-42A3-9474-1A3956D46DE8}") = "BasicOperation", "BasicOperation", "{F32B9514-AAD9-429D-841A-ED810FC2598C}"
	ProjectSection(SolutionItems) = preProject
		tests\DMAPI\BasicOperation\basic operation_test.dme = tests\DMAPI\BasicOperation\basic operation_test.dme
		tests\DMAPI\BasicOperation\basic operation_test_nov3.dme = tests\DMAPI\BasicOperation\basic operation_test_nov3.dme
		tests\DMAPI\BasicOperation\Config.dm = tests\DMAPI\BasicOperation\Config.dm
		tests\DMAPI\BasicOperation\Test.dm = tests\DMAPI\BasicOperation\Test.dm
		tests\DMAPI\BasicOperation\test_event-qwer.bat = tests\DMAPI\BasicOperation\test_event-qwer.bat
		tests\DMAPI\BasicOperation\test_event-qwer.sh = tests\DMAPI\BasicOperation\test_event-qwer.sh
	EndProjectSection
EndProject
Project("{2150E333-8FDC-42A3-9474-1A3956D46DE8}") = "BuildFail", "BuildFail", "{103C61AB-67D6-46FE-AA47-CC633B88EE0F}"
	ProjectSection(SolutionItems) = preProject
		tests\DMAPI\BuildFail\build_fail.dme = tests\DMAPI\BuildFail\build_fail.dme
		tests\DMAPI\BuildFail\Test.dm = tests\DMAPI\BuildFail\Test.dm
	EndProjectSection
EndProject
Project("{2150E333-8FDC-42A3-9474-1A3956D46DE8}") = "ISSUE_TEMPLATE", "ISSUE_TEMPLATE", "{CFFD7992-E73A-4D1F-9D7A-C817C07B7BEB}"
	ProjectSection(SolutionItems) = preProject
		.github\ISSUE_TEMPLATE\bug_report.md = .github\ISSUE_TEMPLATE\bug_report.md
		.github\ISSUE_TEMPLATE\feature_request.md = .github\ISSUE_TEMPLATE\feature_request.md
	EndProjectSection
EndProject
Project("{9A19103F-16F7-4668-BE54-9A1E7A4F7556}") = "Tgstation.Server.Host.Tests.Signals", "tests\Tgstation.Server.Host.Tests.Signals\Tgstation.Server.Host.Tests.Signals.csproj", "{5813CC33-B16C-485D-A74D-20204DDF6542}"
EndProject
Project("{9A19103F-16F7-4668-BE54-9A1E7A4F7556}") = "Tgstation.Server.Migrator", "tools\Tgstation.Server.Migrator\Tgstation.Server.Migrator.csproj", "{CE499888-B22B-457C-891E-0EA9DC317228}"
	ProjectSection(ProjectDependencies) = postProject
		{07ED0FD5-E46B-4841-931D-BA2B673E16B2} = {07ED0FD5-E46B-4841-931D-BA2B673E16B2}
	EndProjectSection
EndProject
Project("{9A19103F-16F7-4668-BE54-9A1E7A4F7556}") = "Tgstation.Server.Migrator.Comms", "tools\Tgstation.Server.Migrator.Comms\Tgstation.Server.Migrator.Comms.csproj", "{07ED0FD5-E46B-4841-931D-BA2B673E16B2}"
EndProject
Project("{9A19103F-16F7-4668-BE54-9A1E7A4F7556}") = "Tgstation.Server.Host.Common", "src\Tgstation.Server.Host.Common\Tgstation.Server.Host.Common.csproj", "{CF3968A0-EA81-4464-B2D4-C7D40F6B5BCB}"
EndProject
Project("{9A19103F-16F7-4668-BE54-9A1E7A4F7556}") = "Tgstation.Server.Common", "src\Tgstation.Server.Common\Tgstation.Server.Common.csproj", "{70CD9A98-D31A-44A4-81D1-D02764CEEEFD}"
	ProjectSection(ProjectDependencies) = postProject
		{7F7FCFDF-271D-45C2-830C-BCCB19C57077} = {7F7FCFDF-271D-45C2-830C-BCCB19C57077}
	EndProjectSection
EndProject
Project("{2150E333-8FDC-42A3-9474-1A3956D46DE8}") = "package", "package", "{2648A85F-61AE-428E-95E1-66D06C7A3768}"
	ProjectSection(SolutionItems) = preProject
		build\package\appsettings.GitHub.yml = build\package\appsettings.GitHub.yml
		build\package\appsettings.Initial.yml = build\package\appsettings.Initial.yml
	EndProjectSection
EndProject
Project("{2150E333-8FDC-42A3-9474-1A3956D46DE8}") = "deb", "deb", "{457A1F89-6201-4430-BCC6-2F4438A54B9E}"
	ProjectSection(SolutionItems) = preProject
		build\package\deb\build_package.sh = build\package\deb\build_package.sh
		build\package\deb\install_artifacts.sh = build\package\deb\install_artifacts.sh
		build\package\deb\MakeInstall = build\package\deb\MakeInstall
		build\package\deb\tgs-configure = build\package\deb\tgs-configure
		build\package\deb\wrap_gpg.sh = build\package\deb\wrap_gpg.sh
	EndProjectSection
EndProject
Project("{2150E333-8FDC-42A3-9474-1A3956D46DE8}") = "debian", "debian", "{08E7C650-A447-4DE2-974E-ED123B50F8D6}"
	ProjectSection(SolutionItems) = preProject
		build\package\deb\debian\changelog = build\package\deb\debian\changelog
		build\package\deb\debian\control = build\package\deb\debian\control
		build\package\deb\debian\copyright = build\package\deb\debian\copyright
		build\package\deb\install_artifacts.sh = build\package\deb\install_artifacts.sh
		build\package\deb\debian\postinst = build\package\deb\debian\postinst
		build\package\deb\debian\prerm = build\package\deb\debian\prerm
		build\package\deb\debian\rules = build\package\deb\debian\rules
	EndProjectSection
EndProject
Project("{2150E333-8FDC-42A3-9474-1A3956D46DE8}") = "upstream", "upstream", "{B4B5570C-8071-46DE-BB55-64C13480C606}"
	ProjectSection(SolutionItems) = preProject
		build\package\deb\debian\upstream\metadata = build\package\deb\debian\upstream\metadata
	EndProjectSection
EndProject
Project("{2150E333-8FDC-42A3-9474-1A3956D46DE8}") = "winget", "winget", "{506B9092-AF88-4DA2-84FD-C11646B695B0}"
	ProjectSection(SolutionItems) = preProject
		build\package\winget\install_banner.jpg = build\package\winget\install_banner.jpg
		build\package\winget\prepare_installer_input_artifacts.ps1 = build\package\winget\prepare_installer_input_artifacts.ps1
		build\package\winget\push_manifest.ps1 = build\package\winget\push_manifest.ps1
	EndProjectSection
EndProject
Project("{2150E333-8FDC-42A3-9474-1A3956D46DE8}") = "manifest", "manifest", "{3F141E03-6ABB-46A8-AA24-1B4B6814E58F}"
	ProjectSection(SolutionItems) = preProject
		build\package\winget\manifest\Tgstation.Server.installer.yaml = build\package\winget\manifest\Tgstation.Server.installer.yaml
		build\package\winget\manifest\Tgstation.Server.locale.en-US.yaml = build\package\winget\manifest\Tgstation.Server.locale.en-US.yaml
		build\package\winget\manifest\Tgstation.Server.yaml = build\package\winget\manifest\Tgstation.Server.yaml
	EndProjectSection
EndProject
Project("{9A19103F-16F7-4668-BE54-9A1E7A4F7556}") = "Tgstation.Server.Host.Service.Wix.Extensions", "build\package\winget\Tgstation.Server.Host.Service.Wix.Extensions\Tgstation.Server.Host.Service.Wix.Extensions.csproj", "{28669D98-E15D-4A62-B1D1-7C11D4CB1DE0}"
EndProject
Project("{B7DD6F7E-DEF8-4E67-B5B7-07EF123DB6F0}") = "Tgstation.Server.Host.Service.Wix", "build\package\winget\Tgstation.Server.Host.Service.Wix\Tgstation.Server.Host.Service.Wix.wixproj", "{82996E9D-5E63-4CC5-8179-612C71B4F56C}"
EndProject
Project("{B7DD6F7E-DEF8-4E67-B5B7-07EF123DB6F0}") = "Tgstation.Server.Host.Service.Wix.Bundle", "build\package\winget\Tgstation.Server.Host.Service.Wix.Bundle\Tgstation.Server.Host.Service.Wix.Bundle.wixproj", "{9E66C6F1-E235-4979-83B5-C2B3FDAD6E01}"
EndProject
Project("{9A19103F-16F7-4668-BE54-9A1E7A4F7556}") = "Tgstation.Server.ReleaseNotes", "tools\Tgstation.Server.ReleaseNotes\Tgstation.Server.ReleaseNotes.csproj", "{69944039-65C2-40E1-9D86-0608FA0C2D70}"
EndProject
Project("{9A19103F-16F7-4668-BE54-9A1E7A4F7556}") = "Tgstation.Server.LogoGenerator", "tools\Tgstation.Server.LogoGenerator\Tgstation.Server.LogoGenerator.csproj", "{7F7FCFDF-271D-45C2-830C-BCCB19C57077}"
EndProject
Project("{9A19103F-16F7-4668-BE54-9A1E7A4F7556}") = "Tgstation.Server.Shared", "src\Tgstation.Server.Shared\Tgstation.Server.Shared.csproj", "{74B9AC97-DEEC-49F4-B3B3-E07126A52B47}"
EndProject
Project("{9A19103F-16F7-4668-BE54-9A1E7A4F7556}") = "Tgstation.Server.Shared.Tests", "tests\Tgstation.Server.Shared.Tests\Tgstation.Server.Shared.Tests.csproj", "{EAB84FD0-5514-4254-B188-7D90ACB7284D}"
EndProject
Project("{9A19103F-16F7-4668-BE54-9A1E7A4F7556}") = "Tgstation.Server.Client.GraphQL", "src\Tgstation.Server.Client.GraphQL\Tgstation.Server.Client.GraphQL.csproj", "{8BF95E2D-FD27-470C-82B7-C21AC01BFBD7}"
EndProject
Global
	GlobalSection(SolutionConfigurationPlatforms) = preSolution
		Debug|Any CPU = Debug|Any CPU
		DebugNoWindows|Any CPU = DebugNoWindows|Any CPU
		DebugNoWix|Any CPU = DebugNoWix|Any CPU
		Release|Any CPU = Release|Any CPU
		ReleaseNoWindows|Any CPU = ReleaseNoWindows|Any CPU
		ReleaseNoWix|Any CPU = ReleaseNoWix|Any CPU
	EndGlobalSection
	GlobalSection(ProjectConfigurationPlatforms) = postSolution
		{2B69AD6D-2B5A-4023-8EAD-0BD1B18E028A}.Debug|Any CPU.ActiveCfg = Debug|Any CPU
		{2B69AD6D-2B5A-4023-8EAD-0BD1B18E028A}.Debug|Any CPU.Build.0 = Debug|Any CPU
		{2B69AD6D-2B5A-4023-8EAD-0BD1B18E028A}.DebugNoWindows|Any CPU.ActiveCfg = Debug|Any CPU
		{2B69AD6D-2B5A-4023-8EAD-0BD1B18E028A}.DebugNoWindows|Any CPU.Build.0 = Debug|Any CPU
		{2B69AD6D-2B5A-4023-8EAD-0BD1B18E028A}.DebugNoWix|Any CPU.ActiveCfg = Debug|Any CPU
		{2B69AD6D-2B5A-4023-8EAD-0BD1B18E028A}.DebugNoWix|Any CPU.Build.0 = Debug|Any CPU
		{2B69AD6D-2B5A-4023-8EAD-0BD1B18E028A}.Release|Any CPU.ActiveCfg = Release|Any CPU
		{2B69AD6D-2B5A-4023-8EAD-0BD1B18E028A}.Release|Any CPU.Build.0 = Release|Any CPU
		{2B69AD6D-2B5A-4023-8EAD-0BD1B18E028A}.ReleaseNoWindows|Any CPU.ActiveCfg = Release|Any CPU
		{2B69AD6D-2B5A-4023-8EAD-0BD1B18E028A}.ReleaseNoWindows|Any CPU.Build.0 = Release|Any CPU
		{2B69AD6D-2B5A-4023-8EAD-0BD1B18E028A}.ReleaseNoWix|Any CPU.ActiveCfg = Release|Any CPU
		{2B69AD6D-2B5A-4023-8EAD-0BD1B18E028A}.ReleaseNoWix|Any CPU.Build.0 = Release|Any CPU
		{A09C947F-4B9B-4AEE-AB50-47055EA05F18}.Debug|Any CPU.ActiveCfg = Debug|Any CPU
		{A09C947F-4B9B-4AEE-AB50-47055EA05F18}.Debug|Any CPU.Build.0 = Debug|Any CPU
		{A09C947F-4B9B-4AEE-AB50-47055EA05F18}.DebugNoWindows|Any CPU.ActiveCfg = Debug|Any CPU
		{A09C947F-4B9B-4AEE-AB50-47055EA05F18}.DebugNoWindows|Any CPU.Build.0 = Debug|Any CPU
		{A09C947F-4B9B-4AEE-AB50-47055EA05F18}.DebugNoWix|Any CPU.ActiveCfg = Debug|Any CPU
		{A09C947F-4B9B-4AEE-AB50-47055EA05F18}.DebugNoWix|Any CPU.Build.0 = Debug|Any CPU
		{A09C947F-4B9B-4AEE-AB50-47055EA05F18}.Release|Any CPU.ActiveCfg = Release|Any CPU
		{A09C947F-4B9B-4AEE-AB50-47055EA05F18}.Release|Any CPU.Build.0 = Release|Any CPU
		{A09C947F-4B9B-4AEE-AB50-47055EA05F18}.ReleaseNoWindows|Any CPU.ActiveCfg = Release|Any CPU
		{A09C947F-4B9B-4AEE-AB50-47055EA05F18}.ReleaseNoWindows|Any CPU.Build.0 = Release|Any CPU
		{A09C947F-4B9B-4AEE-AB50-47055EA05F18}.ReleaseNoWix|Any CPU.ActiveCfg = Release|Any CPU
		{A09C947F-4B9B-4AEE-AB50-47055EA05F18}.ReleaseNoWix|Any CPU.Build.0 = Release|Any CPU
		{D36B99C4-E771-42D6-A95F-1102B3E236DF}.Debug|Any CPU.ActiveCfg = Debug|Any CPU
		{D36B99C4-E771-42D6-A95F-1102B3E236DF}.Debug|Any CPU.Build.0 = Debug|Any CPU
		{D36B99C4-E771-42D6-A95F-1102B3E236DF}.DebugNoWindows|Any CPU.ActiveCfg = Debug|Any CPU
		{D36B99C4-E771-42D6-A95F-1102B3E236DF}.DebugNoWindows|Any CPU.Build.0 = Debug|Any CPU
		{D36B99C4-E771-42D6-A95F-1102B3E236DF}.DebugNoWix|Any CPU.ActiveCfg = Debug|Any CPU
		{D36B99C4-E771-42D6-A95F-1102B3E236DF}.DebugNoWix|Any CPU.Build.0 = Debug|Any CPU
		{D36B99C4-E771-42D6-A95F-1102B3E236DF}.Release|Any CPU.ActiveCfg = Release|Any CPU
		{D36B99C4-E771-42D6-A95F-1102B3E236DF}.Release|Any CPU.Build.0 = Release|Any CPU
		{D36B99C4-E771-42D6-A95F-1102B3E236DF}.ReleaseNoWindows|Any CPU.ActiveCfg = Release|Any CPU
		{D36B99C4-E771-42D6-A95F-1102B3E236DF}.ReleaseNoWindows|Any CPU.Build.0 = Release|Any CPU
		{D36B99C4-E771-42D6-A95F-1102B3E236DF}.ReleaseNoWix|Any CPU.ActiveCfg = Release|Any CPU
		{D36B99C4-E771-42D6-A95F-1102B3E236DF}.ReleaseNoWix|Any CPU.Build.0 = Release|Any CPU
		{8B4A208D-A48A-4A5D-8B94-E2661138865D}.Debug|Any CPU.ActiveCfg = Debug|Any CPU
		{8B4A208D-A48A-4A5D-8B94-E2661138865D}.Debug|Any CPU.Build.0 = Debug|Any CPU
		{8B4A208D-A48A-4A5D-8B94-E2661138865D}.DebugNoWindows|Any CPU.ActiveCfg = Debug|Any CPU
		{8B4A208D-A48A-4A5D-8B94-E2661138865D}.DebugNoWindows|Any CPU.Build.0 = Debug|Any CPU
		{8B4A208D-A48A-4A5D-8B94-E2661138865D}.DebugNoWix|Any CPU.ActiveCfg = Debug|Any CPU
		{8B4A208D-A48A-4A5D-8B94-E2661138865D}.DebugNoWix|Any CPU.Build.0 = Debug|Any CPU
		{8B4A208D-A48A-4A5D-8B94-E2661138865D}.Release|Any CPU.ActiveCfg = Release|Any CPU
		{8B4A208D-A48A-4A5D-8B94-E2661138865D}.Release|Any CPU.Build.0 = Release|Any CPU
		{8B4A208D-A48A-4A5D-8B94-E2661138865D}.ReleaseNoWindows|Any CPU.ActiveCfg = Release|Any CPU
		{8B4A208D-A48A-4A5D-8B94-E2661138865D}.ReleaseNoWindows|Any CPU.Build.0 = Release|Any CPU
		{8B4A208D-A48A-4A5D-8B94-E2661138865D}.ReleaseNoWix|Any CPU.ActiveCfg = Release|Any CPU
		{8B4A208D-A48A-4A5D-8B94-E2661138865D}.ReleaseNoWix|Any CPU.Build.0 = Release|Any CPU
		{29927416-3B78-49A7-A560-5CCAA638B6B4}.Debug|Any CPU.ActiveCfg = Debug|Any CPU
		{29927416-3B78-49A7-A560-5CCAA638B6B4}.Debug|Any CPU.Build.0 = Debug|Any CPU
		{29927416-3B78-49A7-A560-5CCAA638B6B4}.DebugNoWindows|Any CPU.ActiveCfg = Debug|Any CPU
		{29927416-3B78-49A7-A560-5CCAA638B6B4}.DebugNoWix|Any CPU.ActiveCfg = Debug|Any CPU
		{29927416-3B78-49A7-A560-5CCAA638B6B4}.DebugNoWix|Any CPU.Build.0 = Debug|Any CPU
		{29927416-3B78-49A7-A560-5CCAA638B6B4}.Release|Any CPU.ActiveCfg = Release|Any CPU
		{29927416-3B78-49A7-A560-5CCAA638B6B4}.Release|Any CPU.Build.0 = Release|Any CPU
		{29927416-3B78-49A7-A560-5CCAA638B6B4}.ReleaseNoWindows|Any CPU.ActiveCfg = Release|Any CPU
		{29927416-3B78-49A7-A560-5CCAA638B6B4}.ReleaseNoWix|Any CPU.ActiveCfg = Release|Any CPU
		{29927416-3B78-49A7-A560-5CCAA638B6B4}.ReleaseNoWix|Any CPU.Build.0 = Release|Any CPU
		{E0AC911F-7675-4A91-9499-D8A2E2390AAD}.Debug|Any CPU.ActiveCfg = Debug|Any CPU
		{E0AC911F-7675-4A91-9499-D8A2E2390AAD}.Debug|Any CPU.Build.0 = Debug|Any CPU
		{E0AC911F-7675-4A91-9499-D8A2E2390AAD}.DebugNoWindows|Any CPU.ActiveCfg = Debug|Any CPU
		{E0AC911F-7675-4A91-9499-D8A2E2390AAD}.DebugNoWindows|Any CPU.Build.0 = Debug|Any CPU
		{E0AC911F-7675-4A91-9499-D8A2E2390AAD}.DebugNoWix|Any CPU.ActiveCfg = Debug|Any CPU
		{E0AC911F-7675-4A91-9499-D8A2E2390AAD}.DebugNoWix|Any CPU.Build.0 = Debug|Any CPU
		{E0AC911F-7675-4A91-9499-D8A2E2390AAD}.Release|Any CPU.ActiveCfg = Release|Any CPU
		{E0AC911F-7675-4A91-9499-D8A2E2390AAD}.Release|Any CPU.Build.0 = Release|Any CPU
		{E0AC911F-7675-4A91-9499-D8A2E2390AAD}.ReleaseNoWindows|Any CPU.ActiveCfg = Release|Any CPU
		{E0AC911F-7675-4A91-9499-D8A2E2390AAD}.ReleaseNoWindows|Any CPU.Build.0 = Release|Any CPU
		{E0AC911F-7675-4A91-9499-D8A2E2390AAD}.ReleaseNoWix|Any CPU.ActiveCfg = Release|Any CPU
		{E0AC911F-7675-4A91-9499-D8A2E2390AAD}.ReleaseNoWix|Any CPU.Build.0 = Release|Any CPU
		{BE0E8F49-334F-49D7-A04D-D82E9AB7AA36}.Debug|Any CPU.ActiveCfg = Debug|Any CPU
		{BE0E8F49-334F-49D7-A04D-D82E9AB7AA36}.Debug|Any CPU.Build.0 = Debug|Any CPU
		{BE0E8F49-334F-49D7-A04D-D82E9AB7AA36}.DebugNoWindows|Any CPU.ActiveCfg = Debug|Any CPU
		{BE0E8F49-334F-49D7-A04D-D82E9AB7AA36}.DebugNoWindows|Any CPU.Build.0 = Debug|Any CPU
		{BE0E8F49-334F-49D7-A04D-D82E9AB7AA36}.DebugNoWix|Any CPU.ActiveCfg = Debug|Any CPU
		{BE0E8F49-334F-49D7-A04D-D82E9AB7AA36}.DebugNoWix|Any CPU.Build.0 = Debug|Any CPU
		{BE0E8F49-334F-49D7-A04D-D82E9AB7AA36}.Release|Any CPU.ActiveCfg = Release|Any CPU
		{BE0E8F49-334F-49D7-A04D-D82E9AB7AA36}.Release|Any CPU.Build.0 = Release|Any CPU
		{BE0E8F49-334F-49D7-A04D-D82E9AB7AA36}.ReleaseNoWindows|Any CPU.ActiveCfg = Release|Any CPU
		{BE0E8F49-334F-49D7-A04D-D82E9AB7AA36}.ReleaseNoWindows|Any CPU.Build.0 = Release|Any CPU
		{BE0E8F49-334F-49D7-A04D-D82E9AB7AA36}.ReleaseNoWix|Any CPU.ActiveCfg = Release|Any CPU
		{BE0E8F49-334F-49D7-A04D-D82E9AB7AA36}.ReleaseNoWix|Any CPU.Build.0 = Release|Any CPU
		{E5301AF1-4F74-4982-BF24-95F23CC5D5B2}.Debug|Any CPU.ActiveCfg = Debug|Any CPU
		{E5301AF1-4F74-4982-BF24-95F23CC5D5B2}.Debug|Any CPU.Build.0 = Debug|Any CPU
		{E5301AF1-4F74-4982-BF24-95F23CC5D5B2}.DebugNoWindows|Any CPU.ActiveCfg = Debug|Any CPU
		{E5301AF1-4F74-4982-BF24-95F23CC5D5B2}.DebugNoWindows|Any CPU.Build.0 = Debug|Any CPU
		{E5301AF1-4F74-4982-BF24-95F23CC5D5B2}.DebugNoWix|Any CPU.ActiveCfg = Debug|Any CPU
		{E5301AF1-4F74-4982-BF24-95F23CC5D5B2}.DebugNoWix|Any CPU.Build.0 = Debug|Any CPU
		{E5301AF1-4F74-4982-BF24-95F23CC5D5B2}.Release|Any CPU.ActiveCfg = Release|Any CPU
		{E5301AF1-4F74-4982-BF24-95F23CC5D5B2}.Release|Any CPU.Build.0 = Release|Any CPU
		{E5301AF1-4F74-4982-BF24-95F23CC5D5B2}.ReleaseNoWindows|Any CPU.ActiveCfg = Release|Any CPU
		{E5301AF1-4F74-4982-BF24-95F23CC5D5B2}.ReleaseNoWindows|Any CPU.Build.0 = Release|Any CPU
		{E5301AF1-4F74-4982-BF24-95F23CC5D5B2}.ReleaseNoWix|Any CPU.ActiveCfg = Release|Any CPU
		{E5301AF1-4F74-4982-BF24-95F23CC5D5B2}.ReleaseNoWix|Any CPU.Build.0 = Release|Any CPU
		{A3362FF6-550F-480F-859E-8EC1EB6EAB31}.Debug|Any CPU.ActiveCfg = Debug|Any CPU
		{A3362FF6-550F-480F-859E-8EC1EB6EAB31}.Debug|Any CPU.Build.0 = Debug|Any CPU
		{A3362FF6-550F-480F-859E-8EC1EB6EAB31}.DebugNoWindows|Any CPU.ActiveCfg = Debug|Any CPU
		{A3362FF6-550F-480F-859E-8EC1EB6EAB31}.DebugNoWindows|Any CPU.Build.0 = Debug|Any CPU
		{A3362FF6-550F-480F-859E-8EC1EB6EAB31}.DebugNoWix|Any CPU.ActiveCfg = Debug|Any CPU
		{A3362FF6-550F-480F-859E-8EC1EB6EAB31}.DebugNoWix|Any CPU.Build.0 = Debug|Any CPU
		{A3362FF6-550F-480F-859E-8EC1EB6EAB31}.Release|Any CPU.ActiveCfg = Release|Any CPU
		{A3362FF6-550F-480F-859E-8EC1EB6EAB31}.Release|Any CPU.Build.0 = Release|Any CPU
		{A3362FF6-550F-480F-859E-8EC1EB6EAB31}.ReleaseNoWindows|Any CPU.ActiveCfg = Release|Any CPU
		{A3362FF6-550F-480F-859E-8EC1EB6EAB31}.ReleaseNoWindows|Any CPU.Build.0 = Release|Any CPU
		{A3362FF6-550F-480F-859E-8EC1EB6EAB31}.ReleaseNoWix|Any CPU.ActiveCfg = Release|Any CPU
		{A3362FF6-550F-480F-859E-8EC1EB6EAB31}.ReleaseNoWix|Any CPU.Build.0 = Release|Any CPU
		{5D2D682C-6BF0-439C-850B-6AB945BBEAEA}.Debug|Any CPU.ActiveCfg = Debug|Any CPU
		{5D2D682C-6BF0-439C-850B-6AB945BBEAEA}.Debug|Any CPU.Build.0 = Debug|Any CPU
		{5D2D682C-6BF0-439C-850B-6AB945BBEAEA}.DebugNoWindows|Any CPU.ActiveCfg = Debug|Any CPU
		{5D2D682C-6BF0-439C-850B-6AB945BBEAEA}.DebugNoWindows|Any CPU.Build.0 = Debug|Any CPU
		{5D2D682C-6BF0-439C-850B-6AB945BBEAEA}.DebugNoWix|Any CPU.ActiveCfg = Debug|Any CPU
		{5D2D682C-6BF0-439C-850B-6AB945BBEAEA}.DebugNoWix|Any CPU.Build.0 = Debug|Any CPU
		{5D2D682C-6BF0-439C-850B-6AB945BBEAEA}.Release|Any CPU.ActiveCfg = Release|Any CPU
		{5D2D682C-6BF0-439C-850B-6AB945BBEAEA}.Release|Any CPU.Build.0 = Release|Any CPU
		{5D2D682C-6BF0-439C-850B-6AB945BBEAEA}.ReleaseNoWindows|Any CPU.ActiveCfg = Release|Any CPU
		{5D2D682C-6BF0-439C-850B-6AB945BBEAEA}.ReleaseNoWindows|Any CPU.Build.0 = Release|Any CPU
		{5D2D682C-6BF0-439C-850B-6AB945BBEAEA}.ReleaseNoWix|Any CPU.ActiveCfg = Release|Any CPU
		{5D2D682C-6BF0-439C-850B-6AB945BBEAEA}.ReleaseNoWix|Any CPU.Build.0 = Release|Any CPU
		{7500F776-4384-4B5F-A8D8-22461CAD108B}.Debug|Any CPU.ActiveCfg = Debug|Any CPU
		{7500F776-4384-4B5F-A8D8-22461CAD108B}.Debug|Any CPU.Build.0 = Debug|Any CPU
		{7500F776-4384-4B5F-A8D8-22461CAD108B}.DebugNoWindows|Any CPU.ActiveCfg = Debug|Any CPU
		{7500F776-4384-4B5F-A8D8-22461CAD108B}.DebugNoWindows|Any CPU.Build.0 = Debug|Any CPU
		{7500F776-4384-4B5F-A8D8-22461CAD108B}.DebugNoWix|Any CPU.ActiveCfg = Debug|Any CPU
		{7500F776-4384-4B5F-A8D8-22461CAD108B}.DebugNoWix|Any CPU.Build.0 = Debug|Any CPU
		{7500F776-4384-4B5F-A8D8-22461CAD108B}.Release|Any CPU.ActiveCfg = Release|Any CPU
		{7500F776-4384-4B5F-A8D8-22461CAD108B}.Release|Any CPU.Build.0 = Release|Any CPU
		{7500F776-4384-4B5F-A8D8-22461CAD108B}.ReleaseNoWindows|Any CPU.ActiveCfg = Release|Any CPU
		{7500F776-4384-4B5F-A8D8-22461CAD108B}.ReleaseNoWindows|Any CPU.Build.0 = Release|Any CPU
		{7500F776-4384-4B5F-A8D8-22461CAD108B}.ReleaseNoWix|Any CPU.ActiveCfg = Release|Any CPU
		{7500F776-4384-4B5F-A8D8-22461CAD108B}.ReleaseNoWix|Any CPU.Build.0 = Release|Any CPU
		{AA80A190-52E2-4BE3-BFEB-1F148D9E9007}.Debug|Any CPU.ActiveCfg = Debug|Any CPU
		{AA80A190-52E2-4BE3-BFEB-1F148D9E9007}.Debug|Any CPU.Build.0 = Debug|Any CPU
		{AA80A190-52E2-4BE3-BFEB-1F148D9E9007}.DebugNoWindows|Any CPU.ActiveCfg = Debug|Any CPU
		{AA80A190-52E2-4BE3-BFEB-1F148D9E9007}.DebugNoWix|Any CPU.ActiveCfg = Debug|Any CPU
		{AA80A190-52E2-4BE3-BFEB-1F148D9E9007}.DebugNoWix|Any CPU.Build.0 = Debug|Any CPU
		{AA80A190-52E2-4BE3-BFEB-1F148D9E9007}.Release|Any CPU.ActiveCfg = Release|Any CPU
		{AA80A190-52E2-4BE3-BFEB-1F148D9E9007}.Release|Any CPU.Build.0 = Release|Any CPU
		{AA80A190-52E2-4BE3-BFEB-1F148D9E9007}.ReleaseNoWindows|Any CPU.ActiveCfg = Release|Any CPU
		{AA80A190-52E2-4BE3-BFEB-1F148D9E9007}.ReleaseNoWix|Any CPU.ActiveCfg = Release|Any CPU
		{AA80A190-52E2-4BE3-BFEB-1F148D9E9007}.ReleaseNoWix|Any CPU.Build.0 = Release|Any CPU
		{09056964-1C74-445A-96EC-33F6DFC07916}.Debug|Any CPU.ActiveCfg = Debug|Any CPU
		{09056964-1C74-445A-96EC-33F6DFC07916}.Debug|Any CPU.Build.0 = Debug|Any CPU
		{09056964-1C74-445A-96EC-33F6DFC07916}.DebugNoWindows|Any CPU.ActiveCfg = Debug|Any CPU
		{09056964-1C74-445A-96EC-33F6DFC07916}.DebugNoWindows|Any CPU.Build.0 = Debug|Any CPU
		{09056964-1C74-445A-96EC-33F6DFC07916}.DebugNoWix|Any CPU.ActiveCfg = Debug|Any CPU
		{09056964-1C74-445A-96EC-33F6DFC07916}.DebugNoWix|Any CPU.Build.0 = Debug|Any CPU
		{09056964-1C74-445A-96EC-33F6DFC07916}.Release|Any CPU.ActiveCfg = Release|Any CPU
		{09056964-1C74-445A-96EC-33F6DFC07916}.Release|Any CPU.Build.0 = Release|Any CPU
		{09056964-1C74-445A-96EC-33F6DFC07916}.ReleaseNoWindows|Any CPU.ActiveCfg = Release|Any CPU
		{09056964-1C74-445A-96EC-33F6DFC07916}.ReleaseNoWindows|Any CPU.Build.0 = Release|Any CPU
		{09056964-1C74-445A-96EC-33F6DFC07916}.ReleaseNoWix|Any CPU.ActiveCfg = Release|Any CPU
		{09056964-1C74-445A-96EC-33F6DFC07916}.ReleaseNoWix|Any CPU.Build.0 = Release|Any CPU
		{5813CC33-B16C-485D-A74D-20204DDF6542}.Debug|Any CPU.ActiveCfg = Debug|Any CPU
		{5813CC33-B16C-485D-A74D-20204DDF6542}.Debug|Any CPU.Build.0 = Debug|Any CPU
		{5813CC33-B16C-485D-A74D-20204DDF6542}.DebugNoWindows|Any CPU.ActiveCfg = Debug|Any CPU
		{5813CC33-B16C-485D-A74D-20204DDF6542}.DebugNoWindows|Any CPU.Build.0 = Debug|Any CPU
		{5813CC33-B16C-485D-A74D-20204DDF6542}.DebugNoWix|Any CPU.ActiveCfg = Debug|Any CPU
		{5813CC33-B16C-485D-A74D-20204DDF6542}.DebugNoWix|Any CPU.Build.0 = Debug|Any CPU
		{5813CC33-B16C-485D-A74D-20204DDF6542}.Release|Any CPU.ActiveCfg = Release|Any CPU
		{5813CC33-B16C-485D-A74D-20204DDF6542}.Release|Any CPU.Build.0 = Release|Any CPU
		{5813CC33-B16C-485D-A74D-20204DDF6542}.ReleaseNoWindows|Any CPU.ActiveCfg = Release|Any CPU
		{5813CC33-B16C-485D-A74D-20204DDF6542}.ReleaseNoWindows|Any CPU.Build.0 = Release|Any CPU
		{5813CC33-B16C-485D-A74D-20204DDF6542}.ReleaseNoWix|Any CPU.ActiveCfg = Release|Any CPU
		{5813CC33-B16C-485D-A74D-20204DDF6542}.ReleaseNoWix|Any CPU.Build.0 = Release|Any CPU
		{CE499888-B22B-457C-891E-0EA9DC317228}.Debug|Any CPU.ActiveCfg = Debug|Any CPU
		{CE499888-B22B-457C-891E-0EA9DC317228}.Debug|Any CPU.Build.0 = Debug|Any CPU
		{CE499888-B22B-457C-891E-0EA9DC317228}.DebugNoWindows|Any CPU.ActiveCfg = Debug|Any CPU
		{CE499888-B22B-457C-891E-0EA9DC317228}.DebugNoWindows|Any CPU.Build.0 = Debug|Any CPU
		{CE499888-B22B-457C-891E-0EA9DC317228}.DebugNoWix|Any CPU.ActiveCfg = Debug|Any CPU
		{CE499888-B22B-457C-891E-0EA9DC317228}.DebugNoWix|Any CPU.Build.0 = Debug|Any CPU
		{CE499888-B22B-457C-891E-0EA9DC317228}.Release|Any CPU.ActiveCfg = Release|Any CPU
		{CE499888-B22B-457C-891E-0EA9DC317228}.Release|Any CPU.Build.0 = Release|Any CPU
		{CE499888-B22B-457C-891E-0EA9DC317228}.ReleaseNoWindows|Any CPU.ActiveCfg = Release|Any CPU
		{CE499888-B22B-457C-891E-0EA9DC317228}.ReleaseNoWindows|Any CPU.Build.0 = Release|Any CPU
		{CE499888-B22B-457C-891E-0EA9DC317228}.ReleaseNoWix|Any CPU.ActiveCfg = Release|Any CPU
		{CE499888-B22B-457C-891E-0EA9DC317228}.ReleaseNoWix|Any CPU.Build.0 = Release|Any CPU
		{07ED0FD5-E46B-4841-931D-BA2B673E16B2}.Debug|Any CPU.ActiveCfg = Debug|Any CPU
		{07ED0FD5-E46B-4841-931D-BA2B673E16B2}.Debug|Any CPU.Build.0 = Debug|Any CPU
		{07ED0FD5-E46B-4841-931D-BA2B673E16B2}.DebugNoWindows|Any CPU.ActiveCfg = Debug|Any CPU
		{07ED0FD5-E46B-4841-931D-BA2B673E16B2}.DebugNoWindows|Any CPU.Build.0 = Debug|Any CPU
		{07ED0FD5-E46B-4841-931D-BA2B673E16B2}.DebugNoWix|Any CPU.ActiveCfg = Debug|Any CPU
		{07ED0FD5-E46B-4841-931D-BA2B673E16B2}.DebugNoWix|Any CPU.Build.0 = Debug|Any CPU
		{07ED0FD5-E46B-4841-931D-BA2B673E16B2}.Release|Any CPU.ActiveCfg = Release|Any CPU
		{07ED0FD5-E46B-4841-931D-BA2B673E16B2}.Release|Any CPU.Build.0 = Release|Any CPU
		{07ED0FD5-E46B-4841-931D-BA2B673E16B2}.ReleaseNoWindows|Any CPU.ActiveCfg = Release|Any CPU
		{07ED0FD5-E46B-4841-931D-BA2B673E16B2}.ReleaseNoWindows|Any CPU.Build.0 = Release|Any CPU
		{07ED0FD5-E46B-4841-931D-BA2B673E16B2}.ReleaseNoWix|Any CPU.ActiveCfg = Release|Any CPU
		{07ED0FD5-E46B-4841-931D-BA2B673E16B2}.ReleaseNoWix|Any CPU.Build.0 = Release|Any CPU
		{CF3968A0-EA81-4464-B2D4-C7D40F6B5BCB}.Debug|Any CPU.ActiveCfg = Debug|Any CPU
		{CF3968A0-EA81-4464-B2D4-C7D40F6B5BCB}.Debug|Any CPU.Build.0 = Debug|Any CPU
		{CF3968A0-EA81-4464-B2D4-C7D40F6B5BCB}.DebugNoWindows|Any CPU.ActiveCfg = Debug|Any CPU
		{CF3968A0-EA81-4464-B2D4-C7D40F6B5BCB}.DebugNoWindows|Any CPU.Build.0 = Debug|Any CPU
		{CF3968A0-EA81-4464-B2D4-C7D40F6B5BCB}.DebugNoWix|Any CPU.ActiveCfg = Debug|Any CPU
		{CF3968A0-EA81-4464-B2D4-C7D40F6B5BCB}.DebugNoWix|Any CPU.Build.0 = Debug|Any CPU
		{CF3968A0-EA81-4464-B2D4-C7D40F6B5BCB}.Release|Any CPU.ActiveCfg = Release|Any CPU
		{CF3968A0-EA81-4464-B2D4-C7D40F6B5BCB}.Release|Any CPU.Build.0 = Release|Any CPU
		{CF3968A0-EA81-4464-B2D4-C7D40F6B5BCB}.ReleaseNoWindows|Any CPU.ActiveCfg = Release|Any CPU
		{CF3968A0-EA81-4464-B2D4-C7D40F6B5BCB}.ReleaseNoWindows|Any CPU.Build.0 = Release|Any CPU
		{CF3968A0-EA81-4464-B2D4-C7D40F6B5BCB}.ReleaseNoWix|Any CPU.ActiveCfg = Release|Any CPU
		{CF3968A0-EA81-4464-B2D4-C7D40F6B5BCB}.ReleaseNoWix|Any CPU.Build.0 = Release|Any CPU
		{70CD9A98-D31A-44A4-81D1-D02764CEEEFD}.Debug|Any CPU.ActiveCfg = Debug|Any CPU
		{70CD9A98-D31A-44A4-81D1-D02764CEEEFD}.Debug|Any CPU.Build.0 = Debug|Any CPU
		{70CD9A98-D31A-44A4-81D1-D02764CEEEFD}.DebugNoWindows|Any CPU.ActiveCfg = Debug|Any CPU
		{70CD9A98-D31A-44A4-81D1-D02764CEEEFD}.DebugNoWindows|Any CPU.Build.0 = Debug|Any CPU
		{70CD9A98-D31A-44A4-81D1-D02764CEEEFD}.DebugNoWix|Any CPU.ActiveCfg = Debug|Any CPU
		{70CD9A98-D31A-44A4-81D1-D02764CEEEFD}.DebugNoWix|Any CPU.Build.0 = Debug|Any CPU
		{70CD9A98-D31A-44A4-81D1-D02764CEEEFD}.Release|Any CPU.ActiveCfg = Release|Any CPU
		{70CD9A98-D31A-44A4-81D1-D02764CEEEFD}.Release|Any CPU.Build.0 = Release|Any CPU
		{70CD9A98-D31A-44A4-81D1-D02764CEEEFD}.ReleaseNoWindows|Any CPU.ActiveCfg = Release|Any CPU
		{70CD9A98-D31A-44A4-81D1-D02764CEEEFD}.ReleaseNoWindows|Any CPU.Build.0 = Release|Any CPU
		{70CD9A98-D31A-44A4-81D1-D02764CEEEFD}.ReleaseNoWix|Any CPU.ActiveCfg = Release|Any CPU
		{70CD9A98-D31A-44A4-81D1-D02764CEEEFD}.ReleaseNoWix|Any CPU.Build.0 = Release|Any CPU
		{28669D98-E15D-4A62-B1D1-7C11D4CB1DE0}.Debug|Any CPU.ActiveCfg = Debug|Any CPU
		{28669D98-E15D-4A62-B1D1-7C11D4CB1DE0}.Debug|Any CPU.Build.0 = Debug|Any CPU
		{28669D98-E15D-4A62-B1D1-7C11D4CB1DE0}.DebugNoWindows|Any CPU.ActiveCfg = Debug|Any CPU
		{28669D98-E15D-4A62-B1D1-7C11D4CB1DE0}.DebugNoWix|Any CPU.ActiveCfg = Debug|Any CPU
		{28669D98-E15D-4A62-B1D1-7C11D4CB1DE0}.Release|Any CPU.ActiveCfg = Release|Any CPU
		{28669D98-E15D-4A62-B1D1-7C11D4CB1DE0}.Release|Any CPU.Build.0 = Release|Any CPU
		{28669D98-E15D-4A62-B1D1-7C11D4CB1DE0}.ReleaseNoWindows|Any CPU.ActiveCfg = Release|Any CPU
		{28669D98-E15D-4A62-B1D1-7C11D4CB1DE0}.ReleaseNoWix|Any CPU.ActiveCfg = Release|Any CPU
		{82996E9D-5E63-4CC5-8179-612C71B4F56C}.Debug|Any CPU.ActiveCfg = Debug|x86
		{82996E9D-5E63-4CC5-8179-612C71B4F56C}.Debug|Any CPU.Build.0 = Debug|x86
		{82996E9D-5E63-4CC5-8179-612C71B4F56C}.DebugNoWindows|Any CPU.ActiveCfg = Debug|x86
		{82996E9D-5E63-4CC5-8179-612C71B4F56C}.DebugNoWix|Any CPU.ActiveCfg = Debug|x86
		{82996E9D-5E63-4CC5-8179-612C71B4F56C}.Release|Any CPU.ActiveCfg = Release|x86
		{82996E9D-5E63-4CC5-8179-612C71B4F56C}.Release|Any CPU.Build.0 = Release|x86
		{82996E9D-5E63-4CC5-8179-612C71B4F56C}.ReleaseNoWindows|Any CPU.ActiveCfg = Release|x86
		{82996E9D-5E63-4CC5-8179-612C71B4F56C}.ReleaseNoWix|Any CPU.ActiveCfg = Release|x86
		{9E66C6F1-E235-4979-83B5-C2B3FDAD6E01}.Debug|Any CPU.ActiveCfg = Debug|x86
		{9E66C6F1-E235-4979-83B5-C2B3FDAD6E01}.Debug|Any CPU.Build.0 = Debug|x86
		{9E66C6F1-E235-4979-83B5-C2B3FDAD6E01}.DebugNoWindows|Any CPU.ActiveCfg = Debug|x86
		{9E66C6F1-E235-4979-83B5-C2B3FDAD6E01}.DebugNoWix|Any CPU.ActiveCfg = Debug|x86
		{9E66C6F1-E235-4979-83B5-C2B3FDAD6E01}.Release|Any CPU.ActiveCfg = Release|x86
		{9E66C6F1-E235-4979-83B5-C2B3FDAD6E01}.Release|Any CPU.Build.0 = Release|x86
		{9E66C6F1-E235-4979-83B5-C2B3FDAD6E01}.ReleaseNoWindows|Any CPU.ActiveCfg = Release|x86
		{9E66C6F1-E235-4979-83B5-C2B3FDAD6E01}.ReleaseNoWix|Any CPU.ActiveCfg = Release|x86
		{69944039-65C2-40E1-9D86-0608FA0C2D70}.Debug|Any CPU.ActiveCfg = Debug|Any CPU
		{69944039-65C2-40E1-9D86-0608FA0C2D70}.Debug|Any CPU.Build.0 = Debug|Any CPU
		{69944039-65C2-40E1-9D86-0608FA0C2D70}.DebugNoWindows|Any CPU.ActiveCfg = Debug|Any CPU
		{69944039-65C2-40E1-9D86-0608FA0C2D70}.DebugNoWindows|Any CPU.Build.0 = Debug|Any CPU
		{69944039-65C2-40E1-9D86-0608FA0C2D70}.DebugNoWix|Any CPU.ActiveCfg = Debug|Any CPU
		{69944039-65C2-40E1-9D86-0608FA0C2D70}.DebugNoWix|Any CPU.Build.0 = Debug|Any CPU
		{69944039-65C2-40E1-9D86-0608FA0C2D70}.Release|Any CPU.ActiveCfg = Release|Any CPU
		{69944039-65C2-40E1-9D86-0608FA0C2D70}.Release|Any CPU.Build.0 = Release|Any CPU
		{69944039-65C2-40E1-9D86-0608FA0C2D70}.ReleaseNoWindows|Any CPU.ActiveCfg = Release|Any CPU
		{69944039-65C2-40E1-9D86-0608FA0C2D70}.ReleaseNoWindows|Any CPU.Build.0 = Release|Any CPU
		{69944039-65C2-40E1-9D86-0608FA0C2D70}.ReleaseNoWix|Any CPU.ActiveCfg = Release|Any CPU
		{69944039-65C2-40E1-9D86-0608FA0C2D70}.ReleaseNoWix|Any CPU.Build.0 = Release|Any CPU
		{7F7FCFDF-271D-45C2-830C-BCCB19C57077}.Debug|Any CPU.ActiveCfg = Debug|Any CPU
		{7F7FCFDF-271D-45C2-830C-BCCB19C57077}.Debug|Any CPU.Build.0 = Debug|Any CPU
		{7F7FCFDF-271D-45C2-830C-BCCB19C57077}.DebugNoWindows|Any CPU.ActiveCfg = Debug|Any CPU
		{7F7FCFDF-271D-45C2-830C-BCCB19C57077}.DebugNoWindows|Any CPU.Build.0 = Debug|Any CPU
		{7F7FCFDF-271D-45C2-830C-BCCB19C57077}.DebugNoWix|Any CPU.ActiveCfg = Debug|Any CPU
		{7F7FCFDF-271D-45C2-830C-BCCB19C57077}.DebugNoWix|Any CPU.Build.0 = Debug|Any CPU
		{7F7FCFDF-271D-45C2-830C-BCCB19C57077}.Release|Any CPU.ActiveCfg = Release|Any CPU
		{7F7FCFDF-271D-45C2-830C-BCCB19C57077}.Release|Any CPU.Build.0 = Release|Any CPU
		{7F7FCFDF-271D-45C2-830C-BCCB19C57077}.ReleaseNoWindows|Any CPU.ActiveCfg = Release|Any CPU
		{7F7FCFDF-271D-45C2-830C-BCCB19C57077}.ReleaseNoWindows|Any CPU.Build.0 = Release|Any CPU
		{7F7FCFDF-271D-45C2-830C-BCCB19C57077}.ReleaseNoWix|Any CPU.ActiveCfg = Release|Any CPU
		{7F7FCFDF-271D-45C2-830C-BCCB19C57077}.ReleaseNoWix|Any CPU.Build.0 = Release|Any CPU
		{74B9AC97-DEEC-49F4-B3B3-E07126A52B47}.Debug|Any CPU.ActiveCfg = Debug|Any CPU
		{74B9AC97-DEEC-49F4-B3B3-E07126A52B47}.Debug|Any CPU.Build.0 = Debug|Any CPU
		{74B9AC97-DEEC-49F4-B3B3-E07126A52B47}.DebugNoWindows|Any CPU.ActiveCfg = Debug|Any CPU
		{74B9AC97-DEEC-49F4-B3B3-E07126A52B47}.DebugNoWindows|Any CPU.Build.0 = Debug|Any CPU
		{74B9AC97-DEEC-49F4-B3B3-E07126A52B47}.DebugNoWix|Any CPU.ActiveCfg = Debug|Any CPU
		{74B9AC97-DEEC-49F4-B3B3-E07126A52B47}.DebugNoWix|Any CPU.Build.0 = Debug|Any CPU
		{74B9AC97-DEEC-49F4-B3B3-E07126A52B47}.Release|Any CPU.ActiveCfg = Release|Any CPU
		{74B9AC97-DEEC-49F4-B3B3-E07126A52B47}.Release|Any CPU.Build.0 = Release|Any CPU
		{74B9AC97-DEEC-49F4-B3B3-E07126A52B47}.ReleaseNoWindows|Any CPU.ActiveCfg = Release|Any CPU
		{74B9AC97-DEEC-49F4-B3B3-E07126A52B47}.ReleaseNoWindows|Any CPU.Build.0 = Release|Any CPU
		{74B9AC97-DEEC-49F4-B3B3-E07126A52B47}.ReleaseNoWix|Any CPU.ActiveCfg = Release|Any CPU
		{74B9AC97-DEEC-49F4-B3B3-E07126A52B47}.ReleaseNoWix|Any CPU.Build.0 = Release|Any CPU
		{EAB84FD0-5514-4254-B188-7D90ACB7284D}.Debug|Any CPU.ActiveCfg = Debug|Any CPU
		{EAB84FD0-5514-4254-B188-7D90ACB7284D}.Debug|Any CPU.Build.0 = Debug|Any CPU
		{EAB84FD0-5514-4254-B188-7D90ACB7284D}.DebugNoWindows|Any CPU.ActiveCfg = Debug|Any CPU
		{EAB84FD0-5514-4254-B188-7D90ACB7284D}.DebugNoWindows|Any CPU.Build.0 = Debug|Any CPU
		{EAB84FD0-5514-4254-B188-7D90ACB7284D}.DebugNoWix|Any CPU.ActiveCfg = Debug|Any CPU
		{EAB84FD0-5514-4254-B188-7D90ACB7284D}.DebugNoWix|Any CPU.Build.0 = Debug|Any CPU
		{EAB84FD0-5514-4254-B188-7D90ACB7284D}.Release|Any CPU.ActiveCfg = Release|Any CPU
		{EAB84FD0-5514-4254-B188-7D90ACB7284D}.Release|Any CPU.Build.0 = Release|Any CPU
		{EAB84FD0-5514-4254-B188-7D90ACB7284D}.ReleaseNoWindows|Any CPU.ActiveCfg = Release|Any CPU
		{EAB84FD0-5514-4254-B188-7D90ACB7284D}.ReleaseNoWindows|Any CPU.Build.0 = Release|Any CPU
		{EAB84FD0-5514-4254-B188-7D90ACB7284D}.ReleaseNoWix|Any CPU.ActiveCfg = Release|Any CPU
		{EAB84FD0-5514-4254-B188-7D90ACB7284D}.ReleaseNoWix|Any CPU.Build.0 = Release|Any CPU
		{8BF95E2D-FD27-470C-82B7-C21AC01BFBD7}.Debug|Any CPU.ActiveCfg = Debug|Any CPU
		{8BF95E2D-FD27-470C-82B7-C21AC01BFBD7}.Debug|Any CPU.Build.0 = Debug|Any CPU
		{8BF95E2D-FD27-470C-82B7-C21AC01BFBD7}.DebugNoWindows|Any CPU.ActiveCfg = Debug|Any CPU
		{8BF95E2D-FD27-470C-82B7-C21AC01BFBD7}.DebugNoWindows|Any CPU.Build.0 = Debug|Any CPU
		{8BF95E2D-FD27-470C-82B7-C21AC01BFBD7}.DebugNoWix|Any CPU.ActiveCfg = Debug|Any CPU
		{8BF95E2D-FD27-470C-82B7-C21AC01BFBD7}.DebugNoWix|Any CPU.Build.0 = Debug|Any CPU
		{8BF95E2D-FD27-470C-82B7-C21AC01BFBD7}.Release|Any CPU.ActiveCfg = Release|Any CPU
		{8BF95E2D-FD27-470C-82B7-C21AC01BFBD7}.Release|Any CPU.Build.0 = Release|Any CPU
		{8BF95E2D-FD27-470C-82B7-C21AC01BFBD7}.ReleaseNoWindows|Any CPU.ActiveCfg = Release|Any CPU
		{8BF95E2D-FD27-470C-82B7-C21AC01BFBD7}.ReleaseNoWindows|Any CPU.Build.0 = Release|Any CPU
		{8BF95E2D-FD27-470C-82B7-C21AC01BFBD7}.ReleaseNoWix|Any CPU.ActiveCfg = Release|Any CPU
		{8BF95E2D-FD27-470C-82B7-C21AC01BFBD7}.ReleaseNoWix|Any CPU.Build.0 = Release|Any CPU
	EndGlobalSection
	GlobalSection(SolutionProperties) = preSolution
		HideSolutionNode = FALSE
	EndGlobalSection
	GlobalSection(NestedProjects) = preSolution
		{D36B99C4-E771-42D6-A95F-1102B3E236DF} = {316141B0-CD21-4769-A013-D53DA9B9EC09}
		{BE0E8F49-334F-49D7-A04D-D82E9AB7AA36} = {316141B0-CD21-4769-A013-D53DA9B9EC09}
		{E5301AF1-4F74-4982-BF24-95F23CC5D5B2} = {316141B0-CD21-4769-A013-D53DA9B9EC09}
		{A3362FF6-550F-480F-859E-8EC1EB6EAB31} = {316141B0-CD21-4769-A013-D53DA9B9EC09}
		{7500F776-4384-4B5F-A8D8-22461CAD108B} = {316141B0-CD21-4769-A013-D53DA9B9EC09}
		{AA80A190-52E2-4BE3-BFEB-1F148D9E9007} = {316141B0-CD21-4769-A013-D53DA9B9EC09}
		{F7765A4B-021C-454E-ABB1-2AB1B85F91B4} = {3BB10856-AA01-43D1-AAB0-A013085426D6}
		{DCCBA9DA-47BA-4C70-823B-E99A3ACA0377} = {F7765A4B-021C-454E-ABB1-2AB1B85F91B4}
		{1B228ACB-60C3-4DF9-B716-9F0BD31F6766} = {F7765A4B-021C-454E-ABB1-2AB1B85F91B4}
		{3BB10856-AA01-43D1-AAB0-A013085426D6} = {7E4E7CF6-A48D-410E-8191-C49C6B5AB9CC}
		{82066812-6C73-4360-943B-B23F2F491261} = {7E4E7CF6-A48D-410E-8191-C49C6B5AB9CC}
		{057FAC33-CC31-4948-91C6-B0977C335890} = {F7765A4B-021C-454E-ABB1-2AB1B85F91B4}
		{09056964-1C74-445A-96EC-33F6DFC07916} = {316141B0-CD21-4769-A013-D53DA9B9EC09}
		{FAEAD3B5-2EAB-465C-A9C3-E8CB6AAA7131} = {F7765A4B-021C-454E-ABB1-2AB1B85F91B4}
		{EB1DDE8C-CA6F-4BE3-947B-597CA8EABEA5} = {82066812-6C73-4360-943B-B23F2F491261}
		{7B8FC2AF-1B64-4A89-8480-F0FE360DC9EC} = {82066812-6C73-4360-943B-B23F2F491261}
		{F32B9514-AAD9-429D-841A-ED810FC2598C} = {82066812-6C73-4360-943B-B23F2F491261}
		{103C61AB-67D6-46FE-AA47-CC633B88EE0F} = {82066812-6C73-4360-943B-B23F2F491261}
		{CFFD7992-E73A-4D1F-9D7A-C817C07B7BEB} = {E82104F4-F5C4-4786-ACD4-B635166CDB21}
		{5813CC33-B16C-485D-A74D-20204DDF6542} = {316141B0-CD21-4769-A013-D53DA9B9EC09}
		{CE499888-B22B-457C-891E-0EA9DC317228} = {A55C1117-5808-4AB2-BEA6-4D4A3E66A2F2}
		{07ED0FD5-E46B-4841-931D-BA2B673E16B2} = {A55C1117-5808-4AB2-BEA6-4D4A3E66A2F2}
		{2648A85F-61AE-428E-95E1-66D06C7A3768} = {6FF654E6-3E2C-46D4-872D-D528F77D6973}
		{457A1F89-6201-4430-BCC6-2F4438A54B9E} = {2648A85F-61AE-428E-95E1-66D06C7A3768}
		{08E7C650-A447-4DE2-974E-ED123B50F8D6} = {457A1F89-6201-4430-BCC6-2F4438A54B9E}
		{B4B5570C-8071-46DE-BB55-64C13480C606} = {08E7C650-A447-4DE2-974E-ED123B50F8D6}
		{506B9092-AF88-4DA2-84FD-C11646B695B0} = {2648A85F-61AE-428E-95E1-66D06C7A3768}
		{3F141E03-6ABB-46A8-AA24-1B4B6814E58F} = {506B9092-AF88-4DA2-84FD-C11646B695B0}
		{28669D98-E15D-4A62-B1D1-7C11D4CB1DE0} = {506B9092-AF88-4DA2-84FD-C11646B695B0}
		{82996E9D-5E63-4CC5-8179-612C71B4F56C} = {506B9092-AF88-4DA2-84FD-C11646B695B0}
		{9E66C6F1-E235-4979-83B5-C2B3FDAD6E01} = {506B9092-AF88-4DA2-84FD-C11646B695B0}
		{69944039-65C2-40E1-9D86-0608FA0C2D70} = {A55C1117-5808-4AB2-BEA6-4D4A3E66A2F2}
		{7F7FCFDF-271D-45C2-830C-BCCB19C57077} = {A55C1117-5808-4AB2-BEA6-4D4A3E66A2F2}
		{EAB84FD0-5514-4254-B188-7D90ACB7284D} = {316141B0-CD21-4769-A013-D53DA9B9EC09}
	EndGlobalSection
	GlobalSection(ExtensibilityGlobals) = postSolution
		SolutionGuid = {DFD36C95-3E49-41C7-ACDB-86BAF5B18A79}
	EndGlobalSection
EndGlobal
